{
  "name": "pyanx",
  "version": "0.0.1",
  "lockfileVersion": 1,
  "requires": true,
  "dependencies": {
    "qieyun": {
      "version": "0.7.6",
      "resolved": "https://registry.npmjs.org/qieyun/-/qieyun-0.7.6.tgz",
      "integrity": "sha512-DMIXPcB+OFFKqHQ5aPg48O4BGhnwiqDawkjKdoVIKZIYI5ocJvQao0Xc7V4m/ikW1uvihFoXQ3HNUygRPKIbZg=="
    },
    "qieyun-examples-node": {
      "version": "0.0.4",
      "resolved": "https://registry.npmjs.org/qieyun-examples-node/-/qieyun-examples-node-0.0.4.tgz",
      "integrity": "sha512-eIILMYsnYXDPGBPuVLQP/OLLLV09+EkQhi0U7OIqV+I0/S1oW0VvuqOx9c2IUNsg6NOEFnvMNKb89m4FLBOwNQ==",
      "requires": {
        "qieyun": "^0.7.4"
      }
    },
    "readline-sync": {
      "version": "1.4.10",
      "resolved": "https://registry.npmjs.org/readline-sync/-/readline-sync-1.4.10.tgz",
      "integrity": "sha512-gNva8/6UAe8QYepIQH/jQ2qn91Qj0B9sYjMBBs3QOB8F2CXcKgLxQaJRP76sWVRQt+QU+8fAkCbCvjjMFu7Ycw=="
    }
  }
}
